{
  "object": {
    "pins": [
      {
        "package": "DeepDiff",
        "repositoryURL": "https://github.com/onmyway133/DeepDiff.git",
        "state": {
          "branch": null,
          "revision": "2639b3a11054d666a4c5ec1b7dd2808e437f3289",
          "version": "2.3.3"
        }
      },
      {
        "package": "KeychainAccess",
        "repositoryURL": "https://github.com/kishikawakatsumi/KeychainAccess.git",
        "state": {
          "branch": "master",
          "revision": "e0c7eebc5a4465a3c4680764f26b7a61f567cdaf",
          "version": null
        }
      }
    ]
  },
  "version": 1
}
