{
  "originHash" : "0836c5bfe0af6331e36f594453cc939b2faad74bf67fde33aed196b9924ef7ae",
  "pins" : [
    {
      "identity" : "deepdiff",
      "kind" : "remoteSourceControl",
      "location" : "https://github.com/onmyway133/DeepDiff",
      "state" : {
        "revision" : "2639b3a11054d666a4c5ec1b7dd2808e437f3289",
        "version" : "2.3.3"
      }
    },
    {
      "identity" : "keychainaccess",
      "kind" : "remoteSourceControl",
      "location" : "https://github.com/kishikawakatsumi/KeychainAccess.git",
      "state" : {
        "branch" : "master",
        "revision" : "e0c7eebc5a4465a3c4680764f26b7a61f567cdaf"
      }
    }
  ],
  "version" : 3
}
